
Microsoft Visual Studio Solution File, Format Version 12.00
# Visual Studio Version 17
VisualStudioVersion = 17.8.34330.188
MinimumVisualStudioVersion = 10.0.40219.1
Project("{9A19103F-16F7-4668-BE54-9A1E7A4F7556}") = "HelloWorld", "HelloWorld\HelloWorld.csproj", "{DE4AF08F-2B2E-4A06-AD67-A1E80EC887BB}"
EndProject
Project("{9A19103F-16F7-4668-BE54-9A1E7A4F7556}") = "Vars", "Vars\Vars.csproj", "{8CB71A46-D178-4A6B-8488-00BF7C469ED8}"
EndProject
Project("{9A19103F-16F7-4668-BE54-9A1E7A4F7556}") = "Operators", "Operators\Operators.csproj", "{12EA9FFF-CEB5-4B7B-B63A-FF481D1C4DBC}"
EndProject
Project("{9A19103F-16F7-4668-BE54-9A1E7A4F7556}") = "Iterations", "Iterations\Iterations.csproj", "{6EC26BD6-95BF-4638-9B79-59AF7B55832A}"
EndProject
Project("{9A19103F-16F7-4668-BE54-9A1E7A4F7556}") = "Vorony", "Vorony\Vorony.csproj", "{703FC453-203F-4FD8-933C-6B1127320C8F}"
EndProject
Project("{9A19103F-16F7-4668-BE54-9A1E7A4F7556}") = "Methods", "Methods\Methods.csproj", "{B82283A5-A530-4B25-8841-4BC6435E96DB}"
EndProject
Project("{9A19103F-16F7-4668-BE54-9A1E7A4F7556}") = "Geometry", "Geometry\Geometry.csproj", "{07620653-84B6-4298-8062-B7BFE529CC18}"
EndProject
Project("{9A19103F-16F7-4668-BE54-9A1E7A4F7556}") = "ArraysAndStrings", "ArraysAndStrings\ArraysAndStrings.csproj", "{3A35D00E-F1B4-4EE3-95A7-DF792E639AAE}"
EndProject
Project("{9A19103F-16F7-4668-BE54-9A1E7A4F7556}") = "OOP", "OOP\OOP.csproj", "{D24DC45C-008F-477D-9401-AA39D4FADD53}"
EndProject
Project("{9A19103F-16F7-4668-BE54-9A1E7A4F7556}") = "ExceptionProject", "ExceptionProject\ExceptionProject.csproj", "{6FDDE2E0-7576-41B3-BA40-360D28990DEE}"
EndProject
Project("{FAE04EC0-301F-11D3-BF4B-00C04F79EFBC}") = "FileProject", "FileProject\FileProject.csproj", "{7012AB00-D315-4467-AB5A-92FD6D92AA75}"
EndProject
Global
	GlobalSection(SolutionConfigurationPlatforms) = preSolution
		Debug|Any CPU = Debug|Any CPU
		Release|Any CPU = Release|Any CPU
	EndGlobalSection
	GlobalSection(ProjectConfigurationPlatforms) = postSolution
		{DE4AF08F-2B2E-4A06-AD67-A1E80EC887BB}.Debug|Any CPU.ActiveCfg = Debug|Any CPU
		{DE4AF08F-2B2E-4A06-AD67-A1E80EC887BB}.Debug|Any CPU.Build.0 = Debug|Any CPU
		{DE4AF08F-2B2E-4A06-AD67-A1E80EC887BB}.Release|Any CPU.ActiveCfg = Release|Any CPU
		{DE4AF08F-2B2E-4A06-AD67-A1E80EC887BB}.Release|Any CPU.Build.0 = Release|Any CPU
		{8CB71A46-D178-4A6B-8488-00BF7C469ED8}.Debug|Any CPU.ActiveCfg = Debug|Any CPU
		{8CB71A46-D178-4A6B-8488-00BF7C469ED8}.Debug|Any CPU.Build.0 = Debug|Any CPU
		{8CB71A46-D178-4A6B-8488-00BF7C469ED8}.Release|Any CPU.ActiveCfg = Release|Any CPU
		{8CB71A46-D178-4A6B-8488-00BF7C469ED8}.Release|Any CPU.Build.0 = Release|Any CPU
		{12EA9FFF-CEB5-4B7B-B63A-FF481D1C4DBC}.Debug|Any CPU.ActiveCfg = Debug|Any CPU
		{12EA9FFF-CEB5-4B7B-B63A-FF481D1C4DBC}.Debug|Any CPU.Build.0 = Debug|Any CPU
		{12EA9FFF-CEB5-4B7B-B63A-FF481D1C4DBC}.Release|Any CPU.ActiveCfg = Release|Any CPU
		{12EA9FFF-CEB5-4B7B-B63A-FF481D1C4DBC}.Release|Any CPU.Build.0 = Release|Any CPU
		{6EC26BD6-95BF-4638-9B79-59AF7B55832A}.Debug|Any CPU.ActiveCfg = Debug|Any CPU
		{6EC26BD6-95BF-4638-9B79-59AF7B55832A}.Debug|Any CPU.Build.0 = Debug|Any CPU
		{6EC26BD6-95BF-4638-9B79-59AF7B55832A}.Release|Any CPU.ActiveCfg = Release|Any CPU
		{6EC26BD6-95BF-4638-9B79-59AF7B55832A}.Release|Any CPU.Build.0 = Release|Any CPU
		{703FC453-203F-4FD8-933C-6B1127320C8F}.Debug|Any CPU.ActiveCfg = Debug|Any CPU
		{703FC453-203F-4FD8-933C-6B1127320C8F}.Debug|Any CPU.Build.0 = Debug|Any CPU
		{703FC453-203F-4FD8-933C-6B1127320C8F}.Release|Any CPU.ActiveCfg = Release|Any CPU
		{703FC453-203F-4FD8-933C-6B1127320C8F}.Release|Any CPU.Build.0 = Release|Any CPU
		{B82283A5-A530-4B25-8841-4BC6435E96DB}.Debug|Any CPU.ActiveCfg = Debug|Any CPU
		{B82283A5-A530-4B25-8841-4BC6435E96DB}.Debug|Any CPU.Build.0 = Debug|Any CPU
		{B82283A5-A530-4B25-8841-4BC6435E96DB}.Release|Any CPU.ActiveCfg = Release|Any CPU
		{B82283A5-A530-4B25-8841-4BC6435E96DB}.Release|Any CPU.Build.0 = Release|Any CPU
		{07620653-84B6-4298-8062-B7BFE529CC18}.Debug|Any CPU.ActiveCfg = Debug|Any CPU
		{07620653-84B6-4298-8062-B7BFE529CC18}.Debug|Any CPU.Build.0 = Debug|Any CPU
		{07620653-84B6-4298-8062-B7BFE529CC18}.Release|Any CPU.ActiveCfg = Release|Any CPU
		{07620653-84B6-4298-8062-B7BFE529CC18}.Release|Any CPU.Build.0 = Release|Any CPU
		{3A35D00E-F1B4-4EE3-95A7-DF792E639AAE}.Debug|Any CPU.ActiveCfg = Debug|Any CPU
		{3A35D00E-F1B4-4EE3-95A7-DF792E639AAE}.Debug|Any CPU.Build.0 = Debug|Any CPU
		{3A35D00E-F1B4-4EE3-95A7-DF792E639AAE}.Release|Any CPU.ActiveCfg = Release|Any CPU
		{3A35D00E-F1B4-4EE3-95A7-DF792E639AAE}.Release|Any CPU.Build.0 = Release|Any CPU
		{D24DC45C-008F-477D-9401-AA39D4FADD53}.Debug|Any CPU.ActiveCfg = Debug|Any CPU
		{D24DC45C-008F-477D-9401-AA39D4FADD53}.Debug|Any CPU.Build.0 = Debug|Any CPU
		{D24DC45C-008F-477D-9401-AA39D4FADD53}.Release|Any CPU.ActiveCfg = Release|Any CPU
		{D24DC45C-008F-477D-9401-AA39D4FADD53}.Release|Any CPU.Build.0 = Release|Any CPU
		{6FDDE2E0-7576-41B3-BA40-360D28990DEE}.Debug|Any CPU.ActiveCfg = Debug|Any CPU
		{6FDDE2E0-7576-41B3-BA40-360D28990DEE}.Debug|Any CPU.Build.0 = Debug|Any CPU
		{6FDDE2E0-7576-41B3-BA40-360D28990DEE}.Release|Any CPU.ActiveCfg = Release|Any CPU
		{6FDDE2E0-7576-41B3-BA40-360D28990DEE}.Release|Any CPU.Build.0 = Release|Any CPU
		{7012AB00-D315-4467-AB5A-92FD6D92AA75}.Debug|Any CPU.ActiveCfg = Debug|Any CPU
		{7012AB00-D315-4467-AB5A-92FD6D92AA75}.Debug|Any CPU.Build.0 = Debug|Any CPU
		{7012AB00-D315-4467-AB5A-92FD6D92AA75}.Release|Any CPU.ActiveCfg = Release|Any CPU
		{7012AB00-D315-4467-AB5A-92FD6D92AA75}.Release|Any CPU.Build.0 = Release|Any CPU
	EndGlobalSection
	GlobalSection(SolutionProperties) = preSolution
		HideSolutionNode = FALSE
	EndGlobalSection
	GlobalSection(ExtensibilityGlobals) = postSolution
		SolutionGuid = {77E05451-C8F7-4253-9467-56A1F292AAC9}
	EndGlobalSection
EndGlobal
