
Microsoft Visual Studio Solution File, Format Version 12.00
# Visual Studio Version 17
VisualStudioVersion = 17.8.34330.188
MinimumVisualStudioVersion = 10.0.40219.1
Project("{9A19103F-16F7-4668-BE54-9A1E7A4F7556}") = "HelloWorld", "HelloWorld\HelloWorld.csproj", "{DE4AF08F-2B2E-4A06-AD67-A1E80EC887BB}"
EndProject
Project("{FAE04EC0-301F-11D3-BF4B-00C04F79EFBC}") = "Vars", "Vars\Vars.csproj", "{8CB71A46-D178-4A6B-8488-00BF7C469ED8}"
EndProject
Global
	GlobalSection(SolutionConfigurationPlatforms) = preSolution
		Debug|Any CPU = Debug|Any CPU
		Release|Any CPU = Release|Any CPU
	EndGlobalSection
	GlobalSection(ProjectConfigurationPlatforms) = postSolution
		{DE4AF08F-2B2E-4A06-AD67-A1E80EC887BB}.Debug|Any CPU.ActiveCfg = Debug|Any CPU
		{DE4AF08F-2B2E-4A06-AD67-A1E80EC887BB}.Debug|Any CPU.Build.0 = Debug|Any CPU
		{DE4AF08F-2B2E-4A06-AD67-A1E80EC887BB}.Release|Any CPU.ActiveCfg = Release|Any CPU
		{DE4AF08F-2B2E-4A06-AD67-A1E80EC887BB}.Release|Any CPU.Build.0 = Release|Any CPU
		{8CB71A46-D178-4A6B-8488-00BF7C469ED8}.Debug|Any CPU.ActiveCfg = Debug|Any CPU
		{8CB71A46-D178-4A6B-8488-00BF7C469ED8}.Debug|Any CPU.Build.0 = Debug|Any CPU
		{8CB71A46-D178-4A6B-8488-00BF7C469ED8}.Release|Any CPU.ActiveCfg = Release|Any CPU
		{8CB71A46-D178-4A6B-8488-00BF7C469ED8}.Release|Any CPU.Build.0 = Release|Any CPU
	EndGlobalSection
	GlobalSection(SolutionProperties) = preSolution
		HideSolutionNode = FALSE
	EndGlobalSection
	GlobalSection(ExtensibilityGlobals) = postSolution
		SolutionGuid = {77E05451-C8F7-4253-9467-56A1F292AAC9}
	EndGlobalSection
EndGlobal
